
Microsoft Visual Studio Solution File, Format Version 12.00
# Visual Studio 15
Project("{FAE04EC0-301F-11D3-BF4B-00C04F79EFBC}") = "Assembly-CSharp", "Assembly-CSharp.csproj", "{C0D7BD86-4784-3E0E-D279-5EEEDD1965EF}"
EndProject
Project("{FAE04EC0-301F-11D3-BF4B-00C04F79EFBC}") = "Assembly-CSharp-Editor", "Assembly-CSharp-Editor.csproj", "{C0E08E19-34BC-26B8-E0BA-C68EA2364DBA}"
EndProject
Global
	GlobalSection(SolutionConfigurationPlatforms) = preSolution
		Debug|Any CPU = Debug|Any CPU
		Release|Any CPU = Release|Any CPU
	EndGlobalSection
	GlobalSection(ProjectConfigurationPlatforms) = postSolution
		{C0D7BD86-4784-3E0E-D279-5EEEDD1965EF}.Debug|Any CPU.ActiveCfg = Debug|Any CPU
		{C0D7BD86-4784-3E0E-D279-5EEEDD1965EF}.Debug|Any CPU.Build.0 = Debug|Any CPU
		{C0D7BD86-4784-3E0E-D279-5EEEDD1965EF}.Release|Any CPU.ActiveCfg = Release|Any CPU
		{C0D7BD86-4784-3E0E-D279-5EEEDD1965EF}.Release|Any CPU.Build.0 = Release|Any CPU
		{C0E08E19-34BC-26B8-E0BA-C68EA2364DBA}.Debug|Any CPU.ActiveCfg = Debug|Any CPU
		{C0E08E19-34BC-26B8-E0BA-C68EA2364DBA}.Debug|Any CPU.Build.0 = Debug|Any CPU
		{C0E08E19-34BC-26B8-E0BA-C68EA2364DBA}.Release|Any CPU.ActiveCfg = Release|Any CPU
		{C0E08E19-34BC-26B8-E0BA-C68EA2364DBA}.Release|Any CPU.Build.0 = Release|Any CPU
	EndGlobalSection
	GlobalSection(SolutionProperties) = preSolution
		HideSolutionNode = FALSE
	EndGlobalSection
EndGlobal
